# THIS IS AN AUTOGENERATED FILE. DO NOT EDIT THIS FILE DIRECTLY.
# yarn lockfile v1


cytoscape@^3.31.1:
  version "3.31.1"
  resolved "https://registry.yarnpkg.com/cytoscape/-/cytoscape-3.31.1.tgz#29b12cac715fbb2aacc50cdf5cf1467aadde9c00"
  integrity sha512-Hx5Mtb1+hnmAKaZZ/7zL1Y5HTFYOjdDswZy/jD+1WINRU8KVi1B7+vlHdsTwY+VCFucTreoyu1RDzQJ9u0d2Hw==
